// !$*UTF8*$!
{
	archiveVersion = 1;
	classes = {
	};
	objectVersion = 56;
	objects = {

/* Begin PBXBuildFile section */
		A8247EB829474F95007C2272 /* NewAPI.swift in Sources */ = {isa = PBXBuildFile; fileRef = A8247EB729474F95007C2272 /* NewAPI.swift */; };
		A894CDCB293CC80300F52ED3 /* Recipe_BookApp.swift in Sources */ = {isa = PBXBuildFile; fileRef = A894CDCA293CC80300F52ED3 /* Recipe_BookApp.swift */; };
		A894CDCD293CC80300F52ED3 /* ContentView.swift in Sources */ = {isa = PBXBuildFile; fileRef = A894CDCC293CC80300F52ED3 /* ContentView.swift */; };
		A894CDCF293CC80500F52ED3 /* Assets.xcassets in Resources */ = {isa = PBXBuildFile; fileRef = A894CDCE293CC80500F52ED3 /* Assets.xcassets */; };
		A894CDD2293CC80600F52ED3 /* Preview Assets.xcassets in Resources */ = {isa = PBXBuildFile; fileRef = A894CDD1293CC80600F52ED3 /* Preview Assets.xcassets */; };
		A894CDDC293CC80600F52ED3 /* Recipe_BookTests.swift in Sources */ = {isa = PBXBuildFile; fileRef = A894CDDB293CC80600F52ED3 /* Recipe_BookTests.swift */; };
		A894CDE6293CC80600F52ED3 /* Recipe_BookUITests.swift in Sources */ = {isa = PBXBuildFile; fileRef = A894CDE5293CC80600F52ED3 /* Recipe_BookUITests.swift */; };
		A894CDE8293CC80600F52ED3 /* Recipe_BookUITestsLaunchTests.swift in Sources */ = {isa = PBXBuildFile; fileRef = A894CDE7293CC80600F52ED3 /* Recipe_BookUITestsLaunchTests.swift */; };
		A894CDF6293CC83F00F52ED3 /* CategoryCell.swift in Sources */ = {isa = PBXBuildFile; fileRef = A894CDF5293CC83F00F52ED3 /* CategoryCell.swift */; };
		A894CDFA293CCA0700F52ED3 /* CategoriesView.swift in Sources */ = {isa = PBXBuildFile; fileRef = A894CDF9293CCA0700F52ED3 /* CategoriesView.swift */; };
		A894CDFD293CCA6C00F52ED3 /* Color.swift in Sources */ = {isa = PBXBuildFile; fileRef = A894CDFC293CCA6C00F52ED3 /* Color.swift */; };
		A894CE00293CCEE200F52ED3 /* CachedAsyncImage in Frameworks */ = {isa = PBXBuildFile; productRef = A894CDFF293CCEE200F52ED3 /* CachedAsyncImage */; };
		A894CE02293CD01600F52ED3 /* ScreenSize.swift in Sources */ = {isa = PBXBuildFile; fileRef = A894CE01293CD01600F52ED3 /* ScreenSize.swift */; };
		A894CE05293CEFE200F52ED3 /* API.swift in Sources */ = {isa = PBXBuildFile; fileRef = A894CE04293CEFE200F52ED3 /* API.swift */; };
		A894CE07293CF00F00F52ED3 /* APIError.swift in Sources */ = {isa = PBXBuildFile; fileRef = A894CE06293CF00F00F52ED3 /* APIError.swift */; };
		A894CE0A293CF0C100F52ED3 /* Category.swift in Sources */ = {isa = PBXBuildFile; fileRef = A894CE09293CF0C100F52ED3 /* Category.swift */; };
		A894CE0D293CF7AB00F52ED3 /* CategoryViewViewModel.swift in Sources */ = {isa = PBXBuildFile; fileRef = A894CE0C293CF7AB00F52ED3 /* CategoryViewViewModel.swift */; };
		A894CE10293D21B000F52ED3 /* Ingredient.swift in Sources */ = {isa = PBXBuildFile; fileRef = A894CE0F293D21B000F52ED3 /* Ingredient.swift */; };
		A894CE12293D21C700F52ED3 /* Meals.swift in Sources */ = {isa = PBXBuildFile; fileRef = A894CE11293D21C700F52ED3 /* Meals.swift */; };
		A894CE14293D21D800F52ED3 /* Recipe.swift in Sources */ = {isa = PBXBuildFile; fileRef = A894CE13293D21D800F52ED3 /* Recipe.swift */; };
		A894CE1A293D225F00F52ED3 /* FoodViewViewModel.swift in Sources */ = {isa = PBXBuildFile; fileRef = A894CE19293D225F00F52ED3 /* FoodViewViewModel.swift */; };
		A894CE1C293D228B00F52ED3 /* DetailedViewViewModel.swift in Sources */ = {isa = PBXBuildFile; fileRef = A894CE1B293D228B00F52ED3 /* DetailedViewViewModel.swift */; };
		A894CE20293D23AC00F52ED3 /* FoodsGridView.swift in Sources */ = {isa = PBXBuildFile; fileRef = A894CE1F293D23AC00F52ED3 /* FoodsGridView.swift */; };
		A894CE23293D25CC00F52ED3 /* DetailedView.swift in Sources */ = {isa = PBXBuildFile; fileRef = A894CE22293D25CC00F52ED3 /* DetailedView.swift */; };
		A894CE28293D26D500F52ED3 /* PickerView.swift in Sources */ = {isa = PBXBuildFile; fileRef = A894CE27293D26D500F52ED3 /* PickerView.swift */; };
		A894CE2A293D26FB00F52ED3 /* Instructions.swift in Sources */ = {isa = PBXBuildFile; fileRef = A894CE29293D26FB00F52ED3 /* Instructions.swift */; };
		A894CE2C293D271700F52ED3 /* InstructionsStack.swift in Sources */ = {isa = PBXBuildFile; fileRef = A894CE2B293D271700F52ED3 /* InstructionsStack.swift */; };
		A894CE2E293D275300F52ED3 /* IngredientRow.swift in Sources */ = {isa = PBXBuildFile; fileRef = A894CE2D293D275300F52ED3 /* IngredientRow.swift */; };
		A894CE30293D276800F52ED3 /* IngredientStack.swift in Sources */ = {isa = PBXBuildFile; fileRef = A894CE2F293D276800F52ED3 /* IngredientStack.swift */; };
		A894CE32293E296400F52ED3 /* SnapshotHelper.swift in Sources */ = {isa = PBXBuildFile; fileRef = A894CE31293E296300F52ED3 /* SnapshotHelper.swift */; };
		A894CE34293E2EA300F52ED3 /* AppStoreScreenshotUITests.swift in Sources */ = {isa = PBXBuildFile; fileRef = A894CE33293E2EA300F52ED3 /* AppStoreScreenshotUITests.swift */; };
		A894CE362940AC0600F52ED3 /* ApiCallTests.swift in Sources */ = {isa = PBXBuildFile; fileRef = A894CE352940AC0600F52ED3 /* ApiCallTests.swift */; };
		A8C994232943A790004291DB /* Test.swift in Sources */ = {isa = PBXBuildFile; fileRef = A8C994222943A790004291DB /* Test.swift */; };
/* End PBXBuildFile section */

/* Begin PBXContainerItemProxy section */
		A894CDD8293CC80600F52ED3 /* PBXContainerItemProxy */ = {
			isa = PBXContainerItemProxy;
			containerPortal = A894CDBF293CC80300F52ED3 /* Project object */;
			proxyType = 1;
			remoteGlobalIDString = A894CDC6293CC80300F52ED3;
			remoteInfo = "Recipe Book";
		};
		A894CDE2293CC80600F52ED3 /* PBXContainerItemProxy */ = {
			isa = PBXContainerItemProxy;
			containerPortal = A894CDBF293CC80300F52ED3 /* Project object */;
			proxyType = 1;
			remoteGlobalIDString = A894CDC6293CC80300F52ED3;
			remoteInfo = "Recipe Book";
		};
/* End PBXContainerItemProxy section */

/* Begin PBXFileReference section */
		A8247EB729474F95007C2272 /* NewAPI.swift */ = {isa = PBXFileReference; lastKnownFileType = sourcecode.swift; path = NewAPI.swift; sourceTree = "<group>"; };
		A894CDC7293CC80300F52ED3 /* Recipe Book.app */ = {isa = PBXFileReference; explicitFileType = wrapper.application; includeInIndex = 0; path = "Recipe Book.app"; sourceTree = BUILT_PRODUCTS_DIR; };
		A894CDCA293CC80300F52ED3 /* Recipe_BookApp.swift */ = {isa = PBXFileReference; lastKnownFileType = sourcecode.swift; path = Recipe_BookApp.swift; sourceTree = "<group>"; };
		A894CDCC293CC80300F52ED3 /* ContentView.swift */ = {isa = PBXFileReference; lastKnownFileType = sourcecode.swift; path = ContentView.swift; sourceTree = "<group>"; };
		A894CDCE293CC80500F52ED3 /* Assets.xcassets */ = {isa = PBXFileReference; lastKnownFileType = folder.assetcatalog; path = Assets.xcassets; sourceTree = "<group>"; };
		A894CDD1293CC80600F52ED3 /* Preview Assets.xcassets */ = {isa = PBXFileReference; lastKnownFileType = folder.assetcatalog; path = "Preview Assets.xcassets"; sourceTree = "<group>"; };
		A894CDD7293CC80600F52ED3 /* Recipe BookTests.xctest */ = {isa = PBXFileReference; explicitFileType = wrapper.cfbundle; includeInIndex = 0; path = "Recipe BookTests.xctest"; sourceTree = BUILT_PRODUCTS_DIR; };
		A894CDDB293CC80600F52ED3 /* Recipe_BookTests.swift */ = {isa = PBXFileReference; lastKnownFileType = sourcecode.swift; path = Recipe_BookTests.swift; sourceTree = "<group>"; };
		A894CDE1293CC80600F52ED3 /* Recipe BookUITests.xctest */ = {isa = PBXFileReference; explicitFileType = wrapper.cfbundle; includeInIndex = 0; path = "Recipe BookUITests.xctest"; sourceTree = BUILT_PRODUCTS_DIR; };
		A894CDE5293CC80600F52ED3 /* Recipe_BookUITests.swift */ = {isa = PBXFileReference; lastKnownFileType = sourcecode.swift; path = Recipe_BookUITests.swift; sourceTree = "<group>"; };
		A894CDE7293CC80600F52ED3 /* Recipe_BookUITestsLaunchTests.swift */ = {isa = PBXFileReference; lastKnownFileType = sourcecode.swift; path = Recipe_BookUITestsLaunchTests.swift; sourceTree = "<group>"; };
		A894CDF5293CC83F00F52ED3 /* CategoryCell.swift */ = {isa = PBXFileReference; lastKnownFileType = sourcecode.swift; path = CategoryCell.swift; sourceTree = "<group>"; };
		A894CDF9293CCA0700F52ED3 /* CategoriesView.swift */ = {isa = PBXFileReference; lastKnownFileType = sourcecode.swift; path = CategoriesView.swift; sourceTree = "<group>"; };
		A894CDFC293CCA6C00F52ED3 /* Color.swift */ = {isa = PBXFileReference; lastKnownFileType = sourcecode.swift; path = Color.swift; sourceTree = "<group>"; };
		A894CE01293CD01600F52ED3 /* ScreenSize.swift */ = {isa = PBXFileReference; lastKnownFileType = sourcecode.swift; path = ScreenSize.swift; sourceTree = "<group>"; };
		A894CE04293CEFE200F52ED3 /* API.swift */ = {isa = PBXFileReference; lastKnownFileType = sourcecode.swift; path = API.swift; sourceTree = "<group>"; };
		A894CE06293CF00F00F52ED3 /* APIError.swift */ = {isa = PBXFileReference; lastKnownFileType = sourcecode.swift; path = APIError.swift; sourceTree = "<group>"; };
		A894CE09293CF0C100F52ED3 /* Category.swift */ = {isa = PBXFileReference; lastKnownFileType = sourcecode.swift; path = Category.swift; sourceTree = "<group>"; };
		A894CE0C293CF7AB00F52ED3 /* CategoryViewViewModel.swift */ = {isa = PBXFileReference; lastKnownFileType = sourcecode.swift; path = CategoryViewViewModel.swift; sourceTree = "<group>"; };
		A894CE0F293D21B000F52ED3 /* Ingredient.swift */ = {isa = PBXFileReference; lastKnownFileType = sourcecode.swift; path = Ingredient.swift; sourceTree = "<group>"; };
		A894CE11293D21C700F52ED3 /* Meals.swift */ = {isa = PBXFileReference; lastKnownFileType = sourcecode.swift; path = Meals.swift; sourceTree = "<group>"; };
		A894CE13293D21D800F52ED3 /* Recipe.swift */ = {isa = PBXFileReference; lastKnownFileType = sourcecode.swift; path = Recipe.swift; sourceTree = "<group>"; };
		A894CE19293D225F00F52ED3 /* FoodViewViewModel.swift */ = {isa = PBXFileReference; lastKnownFileType = sourcecode.swift; path = FoodViewViewModel.swift; sourceTree = "<group>"; };
		A894CE1B293D228B00F52ED3 /* DetailedViewViewModel.swift */ = {isa = PBXFileReference; lastKnownFileType = sourcecode.swift; path = DetailedViewViewModel.swift; sourceTree = "<group>"; };
		A894CE1F293D23AC00F52ED3 /* FoodsGridView.swift */ = {isa = PBXFileReference; lastKnownFileType = sourcecode.swift; path = FoodsGridView.swift; sourceTree = "<group>"; };
		A894CE22293D25CC00F52ED3 /* DetailedView.swift */ = {isa = PBXFileReference; lastKnownFileType = sourcecode.swift; path = DetailedView.swift; sourceTree = "<group>"; };
		A894CE27293D26D500F52ED3 /* PickerView.swift */ = {isa = PBXFileReference; lastKnownFileType = sourcecode.swift; path = PickerView.swift; sourceTree = "<group>"; };
		A894CE29293D26FB00F52ED3 /* Instructions.swift */ = {isa = PBXFileReference; lastKnownFileType = sourcecode.swift; path = Instructions.swift; sourceTree = "<group>"; };
		A894CE2B293D271700F52ED3 /* InstructionsStack.swift */ = {isa = PBXFileReference; lastKnownFileType = sourcecode.swift; path = InstructionsStack.swift; sourceTree = "<group>"; };
		A894CE2D293D275300F52ED3 /* IngredientRow.swift */ = {isa = PBXFileReference; lastKnownFileType = sourcecode.swift; path = IngredientRow.swift; sourceTree = "<group>"; };
		A894CE2F293D276800F52ED3 /* IngredientStack.swift */ = {isa = PBXFileReference; lastKnownFileType = sourcecode.swift; path = IngredientStack.swift; sourceTree = "<group>"; };
		A894CE31293E296300F52ED3 /* SnapshotHelper.swift */ = {isa = PBXFileReference; fileEncoding = 4; lastKnownFileType = sourcecode.swift; name = SnapshotHelper.swift; path = fastlane/SnapshotHelper.swift; sourceTree = SOURCE_ROOT; };
		A894CE33293E2EA300F52ED3 /* AppStoreScreenshotUITests.swift */ = {isa = PBXFileReference; lastKnownFileType = sourcecode.swift; path = AppStoreScreenshotUITests.swift; sourceTree = "<group>"; };
		A894CE352940AC0600F52ED3 /* ApiCallTests.swift */ = {isa = PBXFileReference; lastKnownFileType = sourcecode.swift; path = ApiCallTests.swift; sourceTree = "<group>"; };
		A8C994222943A790004291DB /* Test.swift */ = {isa = PBXFileReference; lastKnownFileType = sourcecode.swift; path = Test.swift; sourceTree = "<group>"; };
/* End PBXFileReference section */

/* Begin PBXFrameworksBuildPhase section */
		A894CDC4293CC80300F52ED3 /* Frameworks */ = {
			isa = PBXFrameworksBuildPhase;
			buildActionMask = 2147483647;
			files = (
				A894CE00293CCEE200F52ED3 /* CachedAsyncImage in Frameworks */,
			);
			runOnlyForDeploymentPostprocessing = 0;
		};
		A894CDD4293CC80600F52ED3 /* Frameworks */ = {
			isa = PBXFrameworksBuildPhase;
			buildActionMask = 2147483647;
			files = (
			);
			runOnlyForDeploymentPostprocessing = 0;
		};
		A894CDDE293CC80600F52ED3 /* Frameworks */ = {
			isa = PBXFrameworksBuildPhase;
			buildActionMask = 2147483647;
			files = (
			);
			runOnlyForDeploymentPostprocessing = 0;
		};
/* End PBXFrameworksBuildPhase section */

/* Begin PBXGroup section */
		A894CDBE293CC80300F52ED3 = {
			isa = PBXGroup;
			children = (
				A894CDC9293CC80300F52ED3 /* Recipe Book */,
				A894CDDA293CC80600F52ED3 /* Recipe BookTests */,
				A894CDE4293CC80600F52ED3 /* Recipe BookUITests */,
				A894CDC8293CC80300F52ED3 /* Products */,
			);
			sourceTree = "<group>";
		};
		A894CDC8293CC80300F52ED3 /* Products */ = {
			isa = PBXGroup;
			children = (
				A894CDC7293CC80300F52ED3 /* Recipe Book.app */,
				A894CDD7293CC80600F52ED3 /* Recipe BookTests.xctest */,
				A894CDE1293CC80600F52ED3 /* Recipe BookUITests.xctest */,
			);
			name = Products;
			sourceTree = "<group>";
		};
		A894CDC9293CC80300F52ED3 /* Recipe Book */ = {
			isa = PBXGroup;
			children = (
				A894CE1D293D236D00F52ED3 /* Views */,
				A894CE0B293CF6C700F52ED3 /* ViewModels */,
				A894CE08293CF09800F52ED3 /* Models */,
				A894CE03293CEFD200F52ED3 /* Networking */,
				A894CDFB293CCA6100F52ED3 /* Extensions */,
				A894CDCA293CC80300F52ED3 /* Recipe_BookApp.swift */,
				A894CDCC293CC80300F52ED3 /* ContentView.swift */,
				A894CDCE293CC80500F52ED3 /* Assets.xcassets */,
				A894CDD0293CC80600F52ED3 /* Preview Content */,
			);
			path = "Recipe Book";
			sourceTree = "<group>";
		};
		A894CDD0293CC80600F52ED3 /* Preview Content */ = {
			isa = PBXGroup;
			children = (
				A894CDD1293CC80600F52ED3 /* Preview Assets.xcassets */,
			);
			path = "Preview Content";
			sourceTree = "<group>";
		};
		A894CDDA293CC80600F52ED3 /* Recipe BookTests */ = {
			isa = PBXGroup;
			children = (
				A894CDDB293CC80600F52ED3 /* Recipe_BookTests.swift */,
				A894CE352940AC0600F52ED3 /* ApiCallTests.swift */,
			);
			path = "Recipe BookTests";
			sourceTree = "<group>";
		};
		A894CDE4293CC80600F52ED3 /* Recipe BookUITests */ = {
			isa = PBXGroup;
			children = (
				A894CE31293E296300F52ED3 /* SnapshotHelper.swift */,
				A894CDE5293CC80600F52ED3 /* Recipe_BookUITests.swift */,
				A894CDE7293CC80600F52ED3 /* Recipe_BookUITestsLaunchTests.swift */,
				A894CE33293E2EA300F52ED3 /* AppStoreScreenshotUITests.swift */,
			);
			path = "Recipe BookUITests";
			sourceTree = "<group>";
		};
		A894CDF4293CC81100F52ED3 /* Categories */ = {
			isa = PBXGroup;
			children = (
				A894CDF5293CC83F00F52ED3 /* CategoryCell.swift */,
				A894CDF9293CCA0700F52ED3 /* CategoriesView.swift */,
			);
			path = Categories;
			sourceTree = "<group>";
		};
		A894CDFB293CCA6100F52ED3 /* Extensions */ = {
			isa = PBXGroup;
			children = (
				A894CDFC293CCA6C00F52ED3 /* Color.swift */,
				A894CE01293CD01600F52ED3 /* ScreenSize.swift */,
			);
			path = Extensions;
			sourceTree = "<group>";
		};
		A894CE03293CEFD200F52ED3 /* Networking */ = {
			isa = PBXGroup;
			children = (
				A894CE04293CEFE200F52ED3 /* API.swift */,
				A894CE06293CF00F00F52ED3 /* APIError.swift */,
				A8C994222943A790004291DB /* Test.swift */,
				A8247EB729474F95007C2272 /* NewAPI.swift */,
			);
			path = Networking;
			sourceTree = "<group>";
		};
		A894CE08293CF09800F52ED3 /* Models */ = {
			isa = PBXGroup;
			children = (
				A894CE09293CF0C100F52ED3 /* Category.swift */,
				A894CE0F293D21B000F52ED3 /* Ingredient.swift */,
				A894CE11293D21C700F52ED3 /* Meals.swift */,
				A894CE13293D21D800F52ED3 /* Recipe.swift */,
			);
			path = Models;
			sourceTree = "<group>";
		};
		A894CE0B293CF6C700F52ED3 /* ViewModels */ = {
			isa = PBXGroup;
			children = (
				A894CE18293D223400F52ED3 /* DetailedView */,
				A894CE17293D222400F52ED3 /* Foods */,
				A894CE15293D21FE00F52ED3 /* Categories */,
			);
			path = ViewModels;
			sourceTree = "<group>";
		};
		A894CE15293D21FE00F52ED3 /* Categories */ = {
			isa = PBXGroup;
			children = (
				A894CE0C293CF7AB00F52ED3 /* CategoryViewViewModel.swift */,
			);
			path = Categories;
			sourceTree = "<group>";
		};
		A894CE17293D222400F52ED3 /* Foods */ = {
			isa = PBXGroup;
			children = (
				A894CE19293D225F00F52ED3 /* FoodViewViewModel.swift */,
			);
			path = Foods;
			sourceTree = "<group>";
		};
		A894CE18293D223400F52ED3 /* DetailedView */ = {
			isa = PBXGroup;
			children = (
				A894CE1B293D228B00F52ED3 /* DetailedViewViewModel.swift */,
			);
			path = DetailedView;
			sourceTree = "<group>";
		};
		A894CE1D293D236D00F52ED3 /* Views */ = {
			isa = PBXGroup;
			children = (
				A894CE21293D25AE00F52ED3 /* DetailedView */,
				A894CE1E293D239B00F52ED3 /* Foods */,
				A894CDF4293CC81100F52ED3 /* Categories */,
			);
			path = Views;
			sourceTree = "<group>";
		};
		A894CE1E293D239B00F52ED3 /* Foods */ = {
			isa = PBXGroup;
			children = (
				A894CE1F293D23AC00F52ED3 /* FoodsGridView.swift */,
			);
			path = Foods;
			sourceTree = "<group>";
		};
		A894CE21293D25AE00F52ED3 /* DetailedView */ = {
			isa = PBXGroup;
			children = (
				A894CE26293D264600F52ED3 /* Picker */,
				A894CE25293D264000F52ED3 /* Instructions */,
				A894CE24293D263A00F52ED3 /* Ingredients */,
				A894CE22293D25CC00F52ED3 /* DetailedView.swift */,
			);
			path = DetailedView;
			sourceTree = "<group>";
		};
		A894CE24293D263A00F52ED3 /* Ingredients */ = {
			isa = PBXGroup;
			children = (
				A894CE2D293D275300F52ED3 /* IngredientRow.swift */,
				A894CE2F293D276800F52ED3 /* IngredientStack.swift */,
			);
			path = Ingredients;
			sourceTree = "<group>";
		};
		A894CE25293D264000F52ED3 /* Instructions */ = {
			isa = PBXGroup;
			children = (
				A894CE29293D26FB00F52ED3 /* Instructions.swift */,
				A894CE2B293D271700F52ED3 /* InstructionsStack.swift */,
			);
			path = Instructions;
			sourceTree = "<group>";
		};
		A894CE26293D264600F52ED3 /* Picker */ = {
			isa = PBXGroup;
			children = (
				A894CE27293D26D500F52ED3 /* PickerView.swift */,
			);
			path = Picker;
			sourceTree = "<group>";
		};
/* End PBXGroup section */

/* Begin PBXNativeTarget section */
		A894CDC6293CC80300F52ED3 /* Recipe Book */ = {
			isa = PBXNativeTarget;
			buildConfigurationList = A894CDEB293CC80600F52ED3 /* Build configuration list for PBXNativeTarget "Recipe Book" */;
			buildPhases = (
				A894CDC3293CC80300F52ED3 /* Sources */,
				A894CDC4293CC80300F52ED3 /* Frameworks */,
				A894CDC5293CC80300F52ED3 /* Resources */,
			);
			buildRules = (
			);
			dependencies = (
			);
			name = "Recipe Book";
			packageProductDependencies = (
				A894CDFF293CCEE200F52ED3 /* CachedAsyncImage */,
			);
			productName = "Recipe Book";
			productReference = A894CDC7293CC80300F52ED3 /* Recipe Book.app */;
			productType = "com.apple.product-type.application";
		};
		A894CDD6293CC80600F52ED3 /* Recipe BookTests */ = {
			isa = PBXNativeTarget;
			buildConfigurationList = A894CDEE293CC80600F52ED3 /* Build configuration list for PBXNativeTarget "Recipe BookTests" */;
			buildPhases = (
				A894CDD3293CC80600F52ED3 /* Sources */,
				A894CDD4293CC80600F52ED3 /* Frameworks */,
				A894CDD5293CC80600F52ED3 /* Resources */,
			);
			buildRules = (
			);
			dependencies = (
				A894CDD9293CC80600F52ED3 /* PBXTargetDependency */,
			);
			name = "Recipe BookTests";
			productName = "Recipe BookTests";
			productReference = A894CDD7293CC80600F52ED3 /* Recipe BookTests.xctest */;
			productType = "com.apple.product-type.bundle.unit-test";
		};
		A894CDE0293CC80600F52ED3 /* Recipe BookUITests */ = {
			isa = PBXNativeTarget;
			buildConfigurationList = A894CDF1293CC80600F52ED3 /* Build configuration list for PBXNativeTarget "Recipe BookUITests" */;
			buildPhases = (
				A894CDDD293CC80600F52ED3 /* Sources */,
				A894CDDE293CC80600F52ED3 /* Frameworks */,
				A894CDDF293CC80600F52ED3 /* Resources */,
			);
			buildRules = (
			);
			dependencies = (
				A894CDE3293CC80600F52ED3 /* PBXTargetDependency */,
			);
			name = "Recipe BookUITests";
			productName = "Recipe BookUITests";
			productReference = A894CDE1293CC80600F52ED3 /* Recipe BookUITests.xctest */;
			productType = "com.apple.product-type.bundle.ui-testing";
		};
/* End PBXNativeTarget section */

/* Begin PBXProject section */
		A894CDBF293CC80300F52ED3 /* Project object */ = {
			isa = PBXProject;
			attributes = {
				BuildIndependentTargetsInParallel = 1;
				LastSwiftUpdateCheck = 1410;
				LastUpgradeCheck = 1410;
				TargetAttributes = {
					A894CDC6293CC80300F52ED3 = {
						CreatedOnToolsVersion = 14.1;
					};
					A894CDD6293CC80600F52ED3 = {
						CreatedOnToolsVersion = 14.1;
						TestTargetID = A894CDC6293CC80300F52ED3;
					};
					A894CDE0293CC80600F52ED3 = {
						CreatedOnToolsVersion = 14.1;
						TestTargetID = A894CDC6293CC80300F52ED3;
					};
				};
			};
			buildConfigurationList = A894CDC2293CC80300F52ED3 /* Build configuration list for PBXProject "Recipe Book" */;
			compatibilityVersion = "Xcode 14.0";
			developmentRegion = en;
			hasScannedForEncodings = 0;
			knownRegions = (
				en,
				Base,
			);
			mainGroup = A894CDBE293CC80300F52ED3;
			packageReferences = (
				A894CDFE293CCEE200F52ED3 /* XCRemoteSwiftPackageReference "swiftui-cached-async-image" */,
			);
			productRefGroup = A894CDC8293CC80300F52ED3 /* Products */;
			projectDirPath = "";
			projectRoot = "";
			targets = (
				A894CDC6293CC80300F52ED3 /* Recipe Book */,
				A894CDD6293CC80600F52ED3 /* Recipe BookTests */,
				A894CDE0293CC80600F52ED3 /* Recipe BookUITests */,
			);
		};
/* End PBXProject section */

/* Begin PBXResourcesBuildPhase section */
		A894CDC5293CC80300F52ED3 /* Resources */ = {
			isa = PBXResourcesBuildPhase;
			buildActionMask = 2147483647;
			files = (
				A894CDD2293CC80600F52ED3 /* Preview Assets.xcassets in Resources */,
				A894CDCF293CC80500F52ED3 /* Assets.xcassets in Resources */,
			);
			runOnlyForDeploymentPostprocessing = 0;
		};
		A894CDD5293CC80600F52ED3 /* Resources */ = {
			isa = PBXResourcesBuildPhase;
			buildActionMask = 2147483647;
			files = (
			);
			runOnlyForDeploymentPostprocessing = 0;
		};
		A894CDDF293CC80600F52ED3 /* Resources */ = {
			isa = PBXResourcesBuildPhase;
			buildActionMask = 2147483647;
			files = (
			);
			runOnlyForDeploymentPostprocessing = 0;
		};
/* End PBXResourcesBuildPhase section */

/* Begin PBXSourcesBuildPhase section */
		A894CDC3293CC80300F52ED3 /* Sources */ = {
			isa = PBXSourcesBuildPhase;
			buildActionMask = 2147483647;
			files = (
				A894CE23293D25CC00F52ED3 /* DetailedView.swift in Sources */,
				A894CE12293D21C700F52ED3 /* Meals.swift in Sources */,
				A894CE28293D26D500F52ED3 /* PickerView.swift in Sources */,
				A8247EB829474F95007C2272 /* NewAPI.swift in Sources */,
				A894CE02293CD01600F52ED3 /* ScreenSize.swift in Sources */,
				A894CDCD293CC80300F52ED3 /* ContentView.swift in Sources */,
				A894CE2C293D271700F52ED3 /* InstructionsStack.swift in Sources */,
				A894CE2E293D275300F52ED3 /* IngredientRow.swift in Sources */,
				A894CDCB293CC80300F52ED3 /* Recipe_BookApp.swift in Sources */,
				A894CE0D293CF7AB00F52ED3 /* CategoryViewViewModel.swift in Sources */,
				A894CDF6293CC83F00F52ED3 /* CategoryCell.swift in Sources */,
				A894CE20293D23AC00F52ED3 /* FoodsGridView.swift in Sources */,
				A894CE30293D276800F52ED3 /* IngredientStack.swift in Sources */,
				A894CDFD293CCA6C00F52ED3 /* Color.swift in Sources */,
				A894CE0A293CF0C100F52ED3 /* Category.swift in Sources */,
				A894CE07293CF00F00F52ED3 /* APIError.swift in Sources */,
				A8C994232943A790004291DB /* Test.swift in Sources */,
				A894CE1A293D225F00F52ED3 /* FoodViewViewModel.swift in Sources */,
				A894CE1C293D228B00F52ED3 /* DetailedViewViewModel.swift in Sources */,
				A894CDFA293CCA0700F52ED3 /* CategoriesView.swift in Sources */,
				A894CE2A293D26FB00F52ED3 /* Instructions.swift in Sources */,
				A894CE14293D21D800F52ED3 /* Recipe.swift in Sources */,
				A894CE05293CEFE200F52ED3 /* API.swift in Sources */,
				A894CE10293D21B000F52ED3 /* Ingredient.swift in Sources */,
			);
			runOnlyForDeploymentPostprocessing = 0;
		};
		A894CDD3293CC80600F52ED3 /* Sources */ = {
			isa = PBXSourcesBuildPhase;
			buildActionMask = 2147483647;
			files = (
				A894CE362940AC0600F52ED3 /* ApiCallTests.swift in Sources */,
				A894CDDC293CC80600F52ED3 /* Recipe_BookTests.swift in Sources */,
			);
			runOnlyForDeploymentPostprocessing = 0;
		};
		A894CDDD293CC80600F52ED3 /* Sources */ = {
			isa = PBXSourcesBuildPhase;
			buildActionMask = 2147483647;
			files = (
				A894CDE6293CC80600F52ED3 /* Recipe_BookUITests.swift in Sources */,
				A894CDE8293CC80600F52ED3 /* Recipe_BookUITestsLaunchTests.swift in Sources */,
				A894CE32293E296400F52ED3 /* SnapshotHelper.swift in Sources */,
				A894CE34293E2EA300F52ED3 /* AppStoreScreenshotUITests.swift in Sources */,
			);
			runOnlyForDeploymentPostprocessing = 0;
		};
/* End PBXSourcesBuildPhase section */

/* Begin PBXTargetDependency section */
		A894CDD9293CC80600F52ED3 /* PBXTargetDependency */ = {
			isa = PBXTargetDependency;
			target = A894CDC6293CC80300F52ED3 /* Recipe Book */;
			targetProxy = A894CDD8293CC80600F52ED3 /* PBXContainerItemProxy */;
		};
		A894CDE3293CC80600F52ED3 /* PBXTargetDependency */ = {
			isa = PBXTargetDependency;
			target = A894CDC6293CC80300F52ED3 /* Recipe Book */;
			targetProxy = A894CDE2293CC80600F52ED3 /* PBXContainerItemProxy */;
		};
/* End PBXTargetDependency section */

/* Begin XCBuildConfiguration section */
		A894CDE9293CC80600F52ED3 /* Debug */ = {
			isa = XCBuildConfiguration;
			buildSettings = {
				ALWAYS_SEARCH_USER_PATHS = NO;
				CLANG_ANALYZER_NONNULL = YES;
				CLANG_ANALYZER_NUMBER_OBJECT_CONVERSION = YES_AGGRESSIVE;
				CLANG_CXX_LANGUAGE_STANDARD = "gnu++20";
				CLANG_ENABLE_MODULES = YES;
				CLANG_ENABLE_OBJC_ARC = YES;
				CLANG_ENABLE_OBJC_WEAK = YES;
				CLANG_WARN_BLOCK_CAPTURE_AUTORELEASING = YES;
				CLANG_WARN_BOOL_CONVERSION = YES;
				CLANG_WARN_COMMA = YES;
				CLANG_WARN_CONSTANT_CONVERSION = YES;
				CLANG_WARN_DEPRECATED_OBJC_IMPLEMENTATIONS = YES;
				CLANG_WARN_DIRECT_OBJC_ISA_USAGE = YES_ERROR;
				CLANG_WARN_DOCUMENTATION_COMMENTS = YES;
				CLANG_WARN_EMPTY_BODY = YES;
				CLANG_WARN_ENUM_CONVERSION = YES;
				CLANG_WARN_INFINITE_RECURSION = YES;
				CLANG_WARN_INT_CONVERSION = YES;
				CLANG_WARN_NON_LITERAL_NULL_CONVERSION = YES;
				CLANG_WARN_OBJC_IMPLICIT_RETAIN_SELF = YES;
				CLANG_WARN_OBJC_LITERAL_CONVERSION = YES;
				CLANG_WARN_OBJC_ROOT_CLASS = YES_ERROR;
				CLANG_WARN_QUOTED_INCLUDE_IN_FRAMEWORK_HEADER = YES;
				CLANG_WARN_RANGE_LOOP_ANALYSIS = YES;
				CLANG_WARN_STRICT_PROTOTYPES = YES;
				CLANG_WARN_SUSPICIOUS_MOVE = YES;
				CLANG_WARN_UNGUARDED_AVAILABILITY = YES_AGGRESSIVE;
				CLANG_WARN_UNREACHABLE_CODE = YES;
				CLANG_WARN__DUPLICATE_METHOD_MATCH = YES;
				COPY_PHASE_STRIP = NO;
				DEBUG_INFORMATION_FORMAT = dwarf;
				ENABLE_STRICT_OBJC_MSGSEND = YES;
				ENABLE_TESTABILITY = YES;
				GCC_C_LANGUAGE_STANDARD = gnu11;
				GCC_DYNAMIC_NO_PIC = NO;
				GCC_NO_COMMON_BLOCKS = YES;
				GCC_OPTIMIZATION_LEVEL = 0;
				GCC_PREPROCESSOR_DEFINITIONS = (
					"DEBUG=1",
					"$(inherited)",
				);
				GCC_WARN_64_TO_32_BIT_CONVERSION = YES;
				GCC_WARN_ABOUT_RETURN_TYPE = YES_ERROR;
				GCC_WARN_UNDECLARED_SELECTOR = YES;
				GCC_WARN_UNINITIALIZED_AUTOS = YES_AGGRESSIVE;
				GCC_WARN_UNUSED_FUNCTION = YES;
				GCC_WARN_UNUSED_VARIABLE = YES;
				IPHONEOS_DEPLOYMENT_TARGET = 16.1;
				MTL_ENABLE_DEBUG_INFO = INCLUDE_SOURCE;
				MTL_FAST_MATH = YES;
				ONLY_ACTIVE_ARCH = YES;
				SDKROOT = iphoneos;
				SWIFT_ACTIVE_COMPILATION_CONDITIONS = DEBUG;
				SWIFT_OPTIMIZATION_LEVEL = "-Onone";
			};
			name = Debug;
		};
		A894CDEA293CC80600F52ED3 /* Release */ = {
			isa = XCBuildConfiguration;
			buildSettings = {
				ALWAYS_SEARCH_USER_PATHS = NO;
				CLANG_ANALYZER_NONNULL = YES;
				CLANG_ANALYZER_NUMBER_OBJECT_CONVERSION = YES_AGGRESSIVE;
				CLANG_CXX_LANGUAGE_STANDARD = "gnu++20";
				CLANG_ENABLE_MODULES = YES;
				CLANG_ENABLE_OBJC_ARC = YES;
				CLANG_ENABLE_OBJC_WEAK = YES;
				CLANG_WARN_BLOCK_CAPTURE_AUTORELEASING = YES;
				CLANG_WARN_BOOL_CONVERSION = YES;
				CLANG_WARN_COMMA = YES;
				CLANG_WARN_CONSTANT_CONVERSION = YES;
				CLANG_WARN_DEPRECATED_OBJC_IMPLEMENTATIONS = YES;
				CLANG_WARN_DIRECT_OBJC_ISA_USAGE = YES_ERROR;
				CLANG_WARN_DOCUMENTATION_COMMENTS = YES;
				CLANG_WARN_EMPTY_BODY = YES;
				CLANG_WARN_ENUM_CONVERSION = YES;
				CLANG_WARN_INFINITE_RECURSION = YES;
				CLANG_WARN_INT_CONVERSION = YES;
				CLANG_WARN_NON_LITERAL_NULL_CONVERSION = YES;
				CLANG_WARN_OBJC_IMPLICIT_RETAIN_SELF = YES;
				CLANG_WARN_OBJC_LITERAL_CONVERSION = YES;
				CLANG_WARN_OBJC_ROOT_CLASS = YES_ERROR;
				CLANG_WARN_QUOTED_INCLUDE_IN_FRAMEWORK_HEADER = YES;
				CLANG_WARN_RANGE_LOOP_ANALYSIS = YES;
				CLANG_WARN_STRICT_PROTOTYPES = YES;
				CLANG_WARN_SUSPICIOUS_MOVE = YES;
				CLANG_WARN_UNGUARDED_AVAILABILITY = YES_AGGRESSIVE;
				CLANG_WARN_UNREACHABLE_CODE = YES;
				CLANG_WARN__DUPLICATE_METHOD_MATCH = YES;
				COPY_PHASE_STRIP = NO;
				DEBUG_INFORMATION_FORMAT = "dwarf-with-dsym";
				ENABLE_NS_ASSERTIONS = NO;
				ENABLE_STRICT_OBJC_MSGSEND = YES;
				GCC_C_LANGUAGE_STANDARD = gnu11;
				GCC_NO_COMMON_BLOCKS = YES;
				GCC_WARN_64_TO_32_BIT_CONVERSION = YES;
				GCC_WARN_ABOUT_RETURN_TYPE = YES_ERROR;
				GCC_WARN_UNDECLARED_SELECTOR = YES;
				GCC_WARN_UNINITIALIZED_AUTOS = YES_AGGRESSIVE;
				GCC_WARN_UNUSED_FUNCTION = YES;
				GCC_WARN_UNUSED_VARIABLE = YES;
				IPHONEOS_DEPLOYMENT_TARGET = 16.1;
				MTL_ENABLE_DEBUG_INFO = NO;
				MTL_FAST_MATH = YES;
				SDKROOT = iphoneos;
				SWIFT_COMPILATION_MODE = wholemodule;
				SWIFT_OPTIMIZATION_LEVEL = "-O";
				VALIDATE_PRODUCT = YES;
			};
			name = Release;
		};
		A894CDEC293CC80600F52ED3 /* Debug */ = {
			isa = XCBuildConfiguration;
			buildSettings = {
				ASSETCATALOG_COMPILER_APPICON_NAME = AppIcon;
				ASSETCATALOG_COMPILER_GLOBAL_ACCENT_COLOR_NAME = AccentColor;
				CODE_SIGN_STYLE = Automatic;
				CURRENT_PROJECT_VERSION = 1;
				DEVELOPMENT_ASSET_PATHS = "\"Recipe Book/Preview Content\"";
				DEVELOPMENT_TEAM = 2MBZ87R42A;
				ENABLE_PREVIEWS = YES;
				GENERATE_INFOPLIST_FILE = YES;
				INFOPLIST_KEY_UIApplicationSceneManifest_Generation = YES;
				INFOPLIST_KEY_UIApplicationSupportsIndirectInputEvents = YES;
				INFOPLIST_KEY_UILaunchScreen_Generation = YES;
				INFOPLIST_KEY_UISupportedInterfaceOrientations_iPad = "UIInterfaceOrientationPortrait UIInterfaceOrientationPortraitUpsideDown UIInterfaceOrientationLandscapeLeft UIInterfaceOrientationLandscapeRight";
				INFOPLIST_KEY_UISupportedInterfaceOrientations_iPhone = "UIInterfaceOrientationPortrait UIInterfaceOrientationLandscapeLeft UIInterfaceOrientationLandscapeRight";
				IPHONEOS_DEPLOYMENT_TARGET = 15.2;
				LD_RUNPATH_SEARCH_PATHS = (
					"$(inherited)",
					"@executable_path/Frameworks",
				);
				MARKETING_VERSION = 1.0;
				PRODUCT_BUNDLE_IDENTIFIER = "com.alexgonzdev.Recipe-Book";
				PRODUCT_NAME = "$(TARGET_NAME)";
				SWIFT_EMIT_LOC_STRINGS = YES;
				SWIFT_VERSION = 5.0;
				TARGETED_DEVICE_FAMILY = "1,2";
			};
			name = Debug;
		};
		A894CDED293CC80600F52ED3 /* Release */ = {
			isa = XCBuildConfiguration;
			buildSettings = {
				ASSETCATALOG_COMPILER_APPICON_NAME = AppIcon;
				ASSETCATALOG_COMPILER_GLOBAL_ACCENT_COLOR_NAME = AccentColor;
				CODE_SIGN_STYLE = Automatic;
				CURRENT_PROJECT_VERSION = 1;
				DEVELOPMENT_ASSET_PATHS = "\"Recipe Book/Preview Content\"";
				DEVELOPMENT_TEAM = 2MBZ87R42A;
				ENABLE_PREVIEWS = YES;
				GENERATE_INFOPLIST_FILE = YES;
				INFOPLIST_KEY_UIApplicationSceneManifest_Generation = YES;
				INFOPLIST_KEY_UIApplicationSupportsIndirectInputEvents = YES;
				INFOPLIST_KEY_UILaunchScreen_Generation = YES;
				INFOPLIST_KEY_UISupportedInterfaceOrientations_iPad = "UIInterfaceOrientationPortrait UIInterfaceOrientationPortraitUpsideDown UIInterfaceOrientationLandscapeLeft UIInterfaceOrientationLandscapeRight";
				INFOPLIST_KEY_UISupportedInterfaceOrientations_iPhone = "UIInterfaceOrientationPortrait UIInterfaceOrientationLandscapeLeft UIInterfaceOrientationLandscapeRight";
				IPHONEOS_DEPLOYMENT_TARGET = 15.2;
				LD_RUNPATH_SEARCH_PATHS = (
					"$(inherited)",
					"@executable_path/Frameworks",
				);
				MARKETING_VERSION = 1.0;
				PRODUCT_BUNDLE_IDENTIFIER = "com.alexgonzdev.Recipe-Book";
				PRODUCT_NAME = "$(TARGET_NAME)";
				SWIFT_EMIT_LOC_STRINGS = YES;
				SWIFT_VERSION = 5.0;
				TARGETED_DEVICE_FAMILY = "1,2";
			};
			name = Release;
		};
		A894CDEF293CC80600F52ED3 /* Debug */ = {
			isa = XCBuildConfiguration;
			buildSettings = {
				ALWAYS_EMBED_SWIFT_STANDARD_LIBRARIES = YES;
				BUNDLE_LOADER = "$(TEST_HOST)";
				CODE_SIGN_STYLE = Automatic;
				CURRENT_PROJECT_VERSION = 1;
				DEVELOPMENT_TEAM = 2MBZ87R42A;
				GENERATE_INFOPLIST_FILE = YES;
				IPHONEOS_DEPLOYMENT_TARGET = 16.1;
				MARKETING_VERSION = 1.0;
				PRODUCT_BUNDLE_IDENTIFIER = "com.alexgonzdev.Recipe-BookTests";
				PRODUCT_NAME = "$(TARGET_NAME)";
				SWIFT_EMIT_LOC_STRINGS = NO;
				SWIFT_VERSION = 5.0;
				TARGETED_DEVICE_FAMILY = "1,2";
				TEST_HOST = "$(BUILT_PRODUCTS_DIR)/Recipe Book.app/$(BUNDLE_EXECUTABLE_FOLDER_PATH)/Recipe Book";
			};
			name = Debug;
		};
		A894CDF0293CC80600F52ED3 /* Release */ = {
			isa = XCBuildConfiguration;
			buildSettings = {
				ALWAYS_EMBED_SWIFT_STANDARD_LIBRARIES = YES;
				BUNDLE_LOADER = "$(TEST_HOST)";
				CODE_SIGN_STYLE = Automatic;
				CURRENT_PROJECT_VERSION = 1;
				DEVELOPMENT_TEAM = 2MBZ87R42A;
				GENERATE_INFOPLIST_FILE = YES;
				IPHONEOS_DEPLOYMENT_TARGET = 16.1;
				MARKETING_VERSION = 1.0;
				PRODUCT_BUNDLE_IDENTIFIER = "com.alexgonzdev.Recipe-BookTests";
				PRODUCT_NAME = "$(TARGET_NAME)";
				SWIFT_EMIT_LOC_STRINGS = NO;
				SWIFT_VERSION = 5.0;
				TARGETED_DEVICE_FAMILY = "1,2";
				TEST_HOST = "$(BUILT_PRODUCTS_DIR)/Recipe Book.app/$(BUNDLE_EXECUTABLE_FOLDER_PATH)/Recipe Book";
			};
			name = Release;
		};
		A894CDF2293CC80600F52ED3 /* Debug */ = {
			isa = XCBuildConfiguration;
			buildSettings = {
				ALWAYS_EMBED_SWIFT_STANDARD_LIBRARIES = YES;
				CODE_SIGN_STYLE = Automatic;
				CURRENT_PROJECT_VERSION = 1;
				DEVELOPMENT_TEAM = 2MBZ87R42A;
				GENERATE_INFOPLIST_FILE = YES;
				MARKETING_VERSION = 1.0;
				PRODUCT_BUNDLE_IDENTIFIER = "com.alexgonzdev.Recipe-BookUITests";
				PRODUCT_NAME = "$(TARGET_NAME)";
				SWIFT_EMIT_LOC_STRINGS = NO;
				SWIFT_VERSION = 5.0;
				TARGETED_DEVICE_FAMILY = "1,2";
				TEST_TARGET_NAME = "Recipe Book";
			};
			name = Debug;
		};
		A894CDF3293CC80600F52ED3 /* Release */ = {
			isa = XCBuildConfiguration;
			buildSettings = {
				ALWAYS_EMBED_SWIFT_STANDARD_LIBRARIES = YES;
				CODE_SIGN_STYLE = Automatic;
				CURRENT_PROJECT_VERSION = 1;
				DEVELOPMENT_TEAM = 2MBZ87R42A;
				GENERATE_INFOPLIST_FILE = YES;
				MARKETING_VERSION = 1.0;
				PRODUCT_BUNDLE_IDENTIFIER = "com.alexgonzdev.Recipe-BookUITests";
				PRODUCT_NAME = "$(TARGET_NAME)";
				SWIFT_EMIT_LOC_STRINGS = NO;
				SWIFT_VERSION = 5.0;
				TARGETED_DEVICE_FAMILY = "1,2";
				TEST_TARGET_NAME = "Recipe Book";
			};
			name = Release;
		};
/* End XCBuildConfiguration section */

/* Begin XCConfigurationList section */
		A894CDC2293CC80300F52ED3 /* Build configuration list for PBXProject "Recipe Book" */ = {
			isa = XCConfigurationList;
			buildConfigurations = (
				A894CDE9293CC80600F52ED3 /* Debug */,
				A894CDEA293CC80600F52ED3 /* Release */,
			);
			defaultConfigurationIsVisible = 0;
			defaultConfigurationName = Release;
		};
		A894CDEB293CC80600F52ED3 /* Build configuration list for PBXNativeTarget "Recipe Book" */ = {
			isa = XCConfigurationList;
			buildConfigurations = (
				A894CDEC293CC80600F52ED3 /* Debug */,
				A894CDED293CC80600F52ED3 /* Release */,
			);
			defaultConfigurationIsVisible = 0;
			defaultConfigurationName = Release;
		};
		A894CDEE293CC80600F52ED3 /* Build configuration list for PBXNativeTarget "Recipe BookTests" */ = {
			isa = XCConfigurationList;
			buildConfigurations = (
				A894CDEF293CC80600F52ED3 /* Debug */,
				A894CDF0293CC80600F52ED3 /* Release */,
			);
			defaultConfigurationIsVisible = 0;
			defaultConfigurationName = Release;
		};
		A894CDF1293CC80600F52ED3 /* Build configuration list for PBXNativeTarget "Recipe BookUITests" */ = {
			isa = XCConfigurationList;
			buildConfigurations = (
				A894CDF2293CC80600F52ED3 /* Debug */,
				A894CDF3293CC80600F52ED3 /* Release */,
			);
			defaultConfigurationIsVisible = 0;
			defaultConfigurationName = Release;
		};
/* End XCConfigurationList section */

/* Begin XCRemoteSwiftPackageReference section */
		A894CDFE293CCEE200F52ED3 /* XCRemoteSwiftPackageReference "swiftui-cached-async-image" */ = {
			isa = XCRemoteSwiftPackageReference;
			repositoryURL = "https://github.com/lorenzofiamingo/swiftui-cached-async-image";
			requirement = {
				branch = main;
				kind = branch;
			};
		};
/* End XCRemoteSwiftPackageReference section */

/* Begin XCSwiftPackageProductDependency section */
		A894CDFF293CCEE200F52ED3 /* CachedAsyncImage */ = {
			isa = XCSwiftPackageProductDependency;
			package = A894CDFE293CCEE200F52ED3 /* XCRemoteSwiftPackageReference "swiftui-cached-async-image" */;
			productName = CachedAsyncImage;
		};
/* End XCSwiftPackageProductDependency section */
	};
	rootObject = A894CDBF293CC80300F52ED3 /* Project object */;
}
